
Microsoft Visual Studio Solution File, Format Version 12.00
# Visual Studio Version 17
VisualStudioVersion = 17.10.35013.160
MinimumVisualStudioVersion = 10.0.40219.1
Project("{FAE04EC0-301F-11D3-BF4B-00C04F79EFBC}") = "InventoryAPI", "InventoryAPI\InventoryAPI.csproj", "{DB8E10ED-4DB2-4355-8AB5-CA9EAEAF1715}"
EndProject
Global
	GlobalSection(SolutionConfigurationPlatforms) = preSolution
		Debug|Any CPU = Debug|Any CPU
		Release|Any CPU = Release|Any CPU
	EndGlobalSection
	GlobalSection(ProjectConfigurationPlatforms) = postSolution
		{DB8E10ED-4DB2-4355-8AB5-CA9EAEAF1715}.Debug|Any CPU.ActiveCfg = Debug|Any CPU
		{DB8E10ED-4DB2-4355-8AB5-CA9EAEAF1715}.Debug|Any CPU.Build.0 = Debug|Any CPU
		{DB8E10ED-4DB2-4355-8AB5-CA9EAEAF1715}.Release|Any CPU.ActiveCfg = Release|Any CPU
		{DB8E10ED-4DB2-4355-8AB5-CA9EAEAF1715}.Release|Any CPU.Build.0 = Release|Any CPU
	EndGlobalSection
	GlobalSection(SolutionProperties) = preSolution
		HideSolutionNode = FALSE
	EndGlobalSection
	GlobalSection(ExtensibilityGlobals) = postSolution
		SolutionGuid = {357FF53D-DC49-485C-BC5C-54CD08585B2A}
	EndGlobalSection
EndGlobal
